github.com/davecgh/go-spew v1.1.1 h1:vj9j/u1bqnvCEfJOwUhtlOARqs3+rkHYY13jYWTU97c=
github.com/davecgh/go-spew v1.1.1/go.mod h1:J7Y8YcW2NihsgmVo/mv3lAwl/skON4iLHjSsI+c5H38=
github.com/ebitengine/oto/v3 v3.4.0 h1:br0PgASsEWaoWn38b2Goe7m1GKFYfNgnsjSd5Gg+/bQ=
github.com/ebitengine/oto/v3 v3.4.0/go.mod h1:IOleLVD0m+CMak3mRVwsYY8vTctQgOM0iiL6S7Ar7eI=
github.com/ebitengine/purego v0.10.0 h1:QIw4xfpWT6GWTzaW5XEKy3HXoqrJGx1ijYHzTF0/ISU=
github.com/ebitengine/purego v0.10.0/go.mod h1:iIjxzd6CiRiOG0UyXP+V1+jWqUXVjPKLAI0mRfJZTmQ=
github.com/go-gl/glfw/v3.3/glfw v0.0.0-20260406072232-3ac4aa2bb164 h1:ddtotcEXIT7dFhSeXIWjK8YMFYl5bB2NdYQwgv6Uqjk=
github.com/go-gl/glfw/v3.3/glfw v0.0.0-20260406072232-3ac4aa2bb164/go.mod h1:SyRD8YfuKk+ZXlDqYiqe1qMSqjNgtHzBTG810KUagMc=
github.com/google/go-cmp v0.6.0 h1:ofyhxvXcZhMsU5ulbFiLKl/XBFqE1GSq7atu8tAmTRI=
github.com/google/go-cmp v0.6.0/go.mod h1:17dUlkBOakJ0+DkrSSNjCkIjxS6bF9zb3elmeNGIjoY=
github.com/hajimehoshi/wasmserve v1.2.1 h1:ouvhXaQCC/Mst600ib2wz3JBVyWRKPToRn+mirTaWu4=
github.com/hajimehoshi/wasmserve v1.2.1/go.mod h1:R7GWZ4rfKerxj6MG5yspAk5BEI7j0IgeIQqncBraNRg=
github.com/hashicorp/golang-lru/v2 v2.0.7 h1:a+bsQ5rvGLjzHuww6tVxozPZFVghXaHOwFs4luLUK2k=
github.com/hashicorp/golang-lru/v2 v2.0.7/go.mod h1:QeFd9opnmA6QUJc5vARoKUSoFhyfM2/ZepoAG6RGpeM=
github.com/oliverbestmann/earcut-go v1.0.0 h1:zmmQR5ikmpIB1gmO+KPbN/OG5HqFj6jLdpV2bzJRNCI=
github.com/oliverbestmann/earcut-go v1.0.0/go.mod h1:ilxChwLCGeq6BhhkMmpuh1vEN02KCla3bXentG4Kqp8=
github.com/oliverbestmann/webgpu v1.30.1 h1:8NhpWc+dl/gcHQ81etPHm+fsEAjZgKthZ9i+aAx9EZQ=
github.com/oliverbestmann/webgpu v1.30.1/go.mod h1:pQ2kXthpbcJRpygGQ7nw43FDfGHQ6CjdqMJ/JJatfsg=
github.com/oliverbestmann/webgpu/libs-android v0.0.0-20260509160813-48db59792a15 h1:HPxVSV8C8JaxGfa9hjDhzNmryoqPF3EwESBTFWpxNBo=
github.com/oliverbestmann/webgpu/libs-android v0.0.0-20260509160813-48db59792a15/go.mod h1:tczQXCdsoFy+FTJVsZSve/vF8cmWEkxhvjcyY2Rujp8=
github.com/oliverbestmann/webgpu/libs-darwin v0.0.0-20260509160802-b09403b07cd3 h1:NbBG2+pwqKcNfKUKtjWOj+02RkXSUWVkxY3hqzgyjSA=
github.com/oliverbestmann/webgpu/libs-darwin v0.0.0-20260509160802-b09403b07cd3/go.mod h1:XoHM/ZcjQqJQyEfQjU0ScDkxvQRWfZLxKP8IrEz4xyo=
github.com/oliverbestmann/webgpu/libs-ios v0.0.0-20260509160803-765e39d2a48b h1:j+uRWcmAl3Y4RPJ4rmxnc1DRHgZ6VNywZPsRHUEuD0M=
github.com/oliverbestmann/webgpu/libs-ios v0.0.0-20260509160803-765e39d2a48b/go.mod h1:IV+TkwmPA0yMzZZoz0Aj4X+22WLEQq2TOyN4/0k8lgs=
github.com/oliverbestmann/webgpu/libs-linux v0.0.0-20260509160809-2fefaf7c9ead h1:kkY04PFBq6I58BwK5cwJ3LRp+xy7Y5/jrkLHBdcBL68=
github.com/oliverbestmann/webgpu/libs-linux v0.0.0-20260509160809-2fefaf7c9ead/go.mod h1:SOeo2YWe2UxWxOeAHyZtwaSXkBbP78cGnm7I+6lIWV0=
github.com/oliverbestmann/webgpu/libs-windows v0.0.0-20260509160807-0bc32b12c7bc h1:YVCfgeByW1ibKniigozHCwF2wC26TDmAIJwQG40bCBM=
github.com/oliverbestmann/webgpu/libs-windows v0.0.0-20260509160807-0bc32b12c7bc/go.mod h1:58qRJHG2+mjEu/AKJFh026bz3xE1zEHYt41i4TBM8NE=
github.com/pmezard/go-difflib v1.0.0 h1:4DBwDE0NGyQoBHbLQYPwSUPoCMWR5BEzIk/f1lZbAQM=
github.com/pmezard/go-difflib v1.0.0/go.mod h1:iKH77koFhYxTK1pcRnkKkqfTogsbg7gZNVY4sRDYZ/4=
github.com/stretchr/testify v1.11.1 h1:7s2iGBzp5EwR7/aIZr8ao5+dra3wiQyKjjFuvgVKu7U=
github.com/stretchr/testify v1.11.1/go.mod h1:wZwfW3scLgRK+23gO65QZefKpKQRnfz6sD981Nm4B6U=
golang.org/x/exp v0.0.0-20260508232706-74f9aab9d74a h1:+3jdDGGB8NGb1Zktc737jlt3/A5f6UlwSzmvqUuufxw=
golang.org/x/exp v0.0.0-20260508232706-74f9aab9d74a/go.mod h1:d2fgXJLVs4dYDHUk5lwMIfzRzSrWCfGZb0ZqeLa/Vcw=
golang.org/x/mobile v0.0.0-20260508232728-bebd421c7fa8 h1:Rdmo5lL58MyzJamU436yZClTmhPhjCE+qrBk4LXicLc=
golang.org/x/mobile v0.0.0-20260508232728-bebd421c7fa8/go.mod h1:ltIbhcRzKgwHa4ZxKJeiv0nyzcXUUYCqMyO0Y+vPmXw=
golang.org/x/mod v0.36.0 h1:JJjpVx6myfUsUdAzZuOSTTmRE0PfZeNWzzvKrP7amb4=
golang.org/x/mod v0.36.0/go.mod h1:moc6ELqsWcOw5Ef3xVprK5ul/MvtVvkIXLziUOICjUQ=
golang.org/x/sync v0.20.0 h1:e0PTpb7pjO8GAtTs2dQ6jYa5BWYlMuX047Dco/pItO4=
golang.org/x/sync v0.20.0/go.mod h1:9xrNwdLfx4jkKbNva9FpL6vEN7evnE43NNNJQ2LF3+0=
golang.org/x/sys v0.44.0 h1:ildZl3J4uzeKP07r2F++Op7E9B29JRUy+a27EibtBTQ=
golang.org/x/sys v0.44.0/go.mod h1:4GL1E5IUh+htKOUEOaiffhrAeqysfVGipDYzABqnCmw=
golang.org/x/tools v0.45.0 h1:18qN3FAooORvApf5XjCXgsuayZOEtXf6JK18I3+ONa8=
golang.org/x/tools v0.45.0/go.mod h1:LuUGqqaXcXMEFEruIVJVm5mgDD8vww/z/SR1gQ4uE/0=
gopkg.in/yaml.v3 v3.0.1 h1:fxVm/GzAzEWqLHuvctI91KS9hhNmmWOoWu0XTYJS7CA=
gopkg.in/yaml.v3 v3.0.1/go.mod h1:K4uyk7z7BCEPqu6E+C64Yfv1cQ7kz7rIZviUmN+EgEM=
